<?xml version="1.0" encoding="utf-8"?>
<Project ToolsVersion="4.0" xmlns="http://schemas.microsoft.com/developer/msbuild/2003">
  <ItemGroup>
    <Filter Include="Source Files">
      <UniqueIdentifier>{4FC737F1-C7A5-4376-A066-2A32D752A2FF}</UniqueIdentifier>
      <Extensions>cpp;c;cc;cxx;def;odl;idl;hpj;bat;asm;asmx</Extensions>
    </Filter>
    <Filter Include="Header Files">
      <UniqueIdentifier>{93995380-89BD-4b04-88EB-625FBE52EBFB}</UniqueIdentifier>
      <Extensions>h;hh;hpp;hxx;hm;inl;inc;xsd</Extensions>
    </Filter>
    <Filter Include="Resource Files">
      <UniqueIdentifier>{67DA6AB6-F800-4c08-8B7A-83BB121AAD01}</UniqueIdentifier>
      <Extensions>rc;ico;cur;bmp;dlg;rc2;rct;bin;rgs;gif;jpg;jpeg;jpe;resx;tiff;tif;png;wav;mfcribbon-ms</Extensions>
    </Filter>
    <Filter Include="Source Files\Tools">
      <UniqueIdentifier>{4384f454-ad86-4274-950b-722ece979642}</UniqueIdentifier>
    </Filter>
    <Filter Include="Header Files\Tools">
      <UniqueIdentifier>{0bdea49c-baa0-46b4-816f-a4dd58efd117}</UniqueIdentifier>
    </Filter>
    <Filter Include="Header Files\Entities">
      <UniqueIdentifier>{b001265f-4f80-480c-8101-2777814065ca}</UniqueIdentifier>
    </Filter>
    <Filter Include="Header Files\Level">
      <UniqueIdentifier>{76f29b72-a9ff-42d7-9cf0-292caa33c641}</UniqueIdentifier>
    </Filter>
    <Filter Include="Header Files\Effects">
      <UniqueIdentifier>{269305b2-ad57-44b6-9b32-f12beb62c59b}</UniqueIdentifier>
    </Filter>
    <Filter Include="Source Files\Entities">
      <UniqueIdentifier>{450dc560-47f7-4c9b-b2ec-6169d1e723d5}</UniqueIdentifier>
    </Filter>
    <Filter Include="Source Files\Shaders">
      <UniqueIdentifier>{922b506c-3a46-4828-ae8b-f7b062c5f66d}</UniqueIdentifier>
    </Filter>
    <Filter Include="Source Files\Level">
      <UniqueIdentifier>{81de09d2-54c1-4949-8f8d-1651e6d22874}</UniqueIdentifier>
    </Filter>
    <Filter Include="Source Files\Effects">
      <UniqueIdentifier>{487a28a5-11bc-4afe-8d84-5a424e85d0d7}</UniqueIdentifier>
    </Filter>
    <Filter Include="Header Files\Projectiles">
      <UniqueIdentifier>{500dd1e7-f5cc-4214-8c3f-b50f50e21612}</UniqueIdentifier>
    </Filter>
  </ItemGroup>
  <ItemGroup>
    <ClCompile Include="main.cpp">
      <Filter>Source Files</Filter>
    </ClCompile>
    <ClCompile Include="GameApp.cpp">
      <Filter>Source Files</Filter>
    </ClCompile>
    <ClCompile Include="Matrix.cpp">
      <Filter>Source Files\Tools</Filter>
    </ClCompile>
    <ClCompile Include="Entity.cpp">
      <Filter>Source Files\Entities</Filter>
    </ClCompile>
    <ClCompile Include="Level.cpp">
      <Filter>Source Files\Level</Filter>
    </ClCompile>
    <ClCompile Include="ParticleEmitter.cpp">
      <Filter>Source Files\Effects</Filter>
    </ClCompile>
    <ClCompile Include="Player.cpp">
      <Filter>Source Files\Entities</Filter>
    </ClCompile>
    <ClCompile Include="ShaderProgram.cpp">
      <Filter>Source Files\Tools</Filter>
    </ClCompile>
    <ClCompile Include="Sheetposition.cpp">
      <Filter>Source Files\Tools</Filter>
    </ClCompile>
    <ClCompile Include="SheetSprite.cpp">
      <Filter>Source Files\Tools</Filter>
    </ClCompile>
    <ClCompile Include="Slug.cpp">
      <Filter>Source Files\Entities</Filter>
    </ClCompile>
    <ClCompile Include="Sprite.cpp">
      <Filter>Source Files\Entities</Filter>
    </ClCompile>
    <ClCompile Include="TerrainTile.cpp">
      <Filter>Source Files\Entities</Filter>
    </ClCompile>
  </ItemGroup>
  <ItemGroup>
    <ClInclude Include="GameApp.h">
      <Filter>Header Files</Filter>
    </ClInclude>
    <ClInclude Include="Color.h">
      <Filter>Header Files\Tools</Filter>
    </ClInclude>
    <ClInclude Include="Enemy.h">
      <Filter>Header Files\Entities</Filter>
    </ClInclude>
    <ClInclude Include="Entity.h">
      <Filter>Header Files\Entities</Filter>
    </ClInclude>
    <ClInclude Include="Level.h">
      <Filter>Header Files\Level</Filter>
    </ClInclude>
    <ClInclude Include="LevelScene.h">
      <Filter>Header Files\Level</Filter>
    </ClInclude>
    <ClInclude Include="Matrix.h">
      <Filter>Header Files\Tools</Filter>
    </ClInclude>
    <ClInclude Include="Player.h">
      <Filter>Header Files\Entities</Filter>
    </ClInclude>
    <ClInclude Include="Audio.h">
      <Filter>Header Files\Effects</Filter>
    </ClInclude>
    <ClInclude Include="Particle.h">
      <Filter>Header Files\Effects</Filter>
    </ClInclude>
    <ClInclude Include="ParticleEmitter.h">
      <Filter>Header Files\Effects</Filter>
    </ClInclude>
    <ClInclude Include="ShaderProgram.h">
      <Filter>Header Files\Tools</Filter>
    </ClInclude>
    <ClInclude Include="Sheetposition.h">
      <Filter>Header Files\Tools</Filter>
    </ClInclude>
    <ClInclude Include="SheetSprite.h">
      <Filter>Header Files\Tools</Filter>
    </ClInclude>
    <ClInclude Include="SpecialEffects.h">
      <Filter>Header Files\Effects</Filter>
    </ClInclude>
    <ClInclude Include="Vector.h">
      <Filter>Header Files\Tools</Filter>
    </ClInclude>
    <ClInclude Include="Slug.h">
      <Filter>Header Files\Entities</Filter>
    </ClInclude>
    <ClInclude Include="Sprite.h">
      <Filter>Header Files\Entities</Filter>
    </ClInclude>
    <ClInclude Include="TerrainTile.h">
      <Filter>Header Files\Entities</Filter>
    </ClInclude>
    <ClInclude Include="Projectile.h">
      <Filter>Header Files\Projectiles</Filter>
    </ClInclude>
    <ClInclude Include="ProjectileManager.h">
      <Filter>Header Files\Projectiles</Filter>
    </ClInclude>
    <ClInclude Include="LevelModifier.h">
      <Filter>Header Files\Level</Filter>
    </ClInclude>
    <ClInclude Include="Fireball.h">
      <Filter>Header Files\Projectiles</Filter>
    </ClInclude>
    <ClInclude Include="BouncingFireball.h">
      <Filter>Header Files\Projectiles</Filter>
    </ClInclude>
    <ClInclude Include="LightManager.h">
      <Filter>Header Files\Effects</Filter>
    </ClInclude>
    <ClInclude Include="Light.h">
      <Filter>Header Files\Effects</Filter>
    </ClInclude>
  </ItemGroup>
  <ItemGroup>
    <None Include="fragments2.glsl">
      <Filter>Source Files\Shaders</Filter>
    </None>
    <None Include="fragment.glsl">
      <Filter>Source Files\Shaders</Filter>
    </None>
    <None Include="vertex.glsl">
      <Filter>Source Files\Shaders</Filter>
    </None>
    <None Include="fragment_textured_lights.glsl">
      <Filter>Source Files\Shaders</Filter>
    </None>
    <None Include="vertex_textured_lights.glsl">
      <Filter>Source Files\Shaders</Filter>
    </None>
  </ItemGroup>
</Project>